
Microsoft Visual Studio Solution File, Format Version 12.00
# Visual Studio 15
Project("{FAE04EC0-301F-11D3-BF4B-00C04F79EFBC}") = "4xCityBuilder", "Assembly-CSharp.csproj", "{4AEEE230-B398-8970-0B41-A719F5AA1757}"
EndProject
Project("{FAE04EC0-301F-11D3-BF4B-00C04F79EFBC}") = "4xCityBuilder", "Assembly-CSharp-Editor.csproj", "{CE5BF687-88CD-2692-A6B0-666782419EC1}"
EndProject
Global
	GlobalSection(SolutionConfigurationPlatforms) = preSolution
		Debug|Any CPU = Debug|Any CPU
		Release|Any CPU = Release|Any CPU
	EndGlobalSection
	GlobalSection(ProjectConfigurationPlatforms) = postSolution
		{4AEEE230-B398-8970-0B41-A719F5AA1757}.Debug|Any CPU.ActiveCfg = Debug|Any CPU
		{4AEEE230-B398-8970-0B41-A719F5AA1757}.Debug|Any CPU.Build.0 = Debug|Any CPU
		{4AEEE230-B398-8970-0B41-A719F5AA1757}.Release|Any CPU.ActiveCfg = Release|Any CPU
		{4AEEE230-B398-8970-0B41-A719F5AA1757}.Release|Any CPU.Build.0 = Release|Any CPU
		{CE5BF687-88CD-2692-A6B0-666782419EC1}.Debug|Any CPU.ActiveCfg = Debug|Any CPU
		{CE5BF687-88CD-2692-A6B0-666782419EC1}.Debug|Any CPU.Build.0 = Debug|Any CPU
		{CE5BF687-88CD-2692-A6B0-666782419EC1}.Release|Any CPU.ActiveCfg = Release|Any CPU
		{CE5BF687-88CD-2692-A6B0-666782419EC1}.Release|Any CPU.Build.0 = Release|Any CPU
	EndGlobalSection
	GlobalSection(SolutionProperties) = preSolution
		HideSolutionNode = FALSE
	EndGlobalSection
EndGlobal
